
Microsoft Visual Studio Solution File, Format Version 12.00
# Visual Studio Express 2012 for Web
Project("{FAE04EC0-301F-11D3-BF4B-00C04F79EFBC}") = "LightService", "LightService\LightService.csproj", "{FB9A0272-554F-40B1-9881-D097763AB833}"
EndProject
Global
	GlobalSection(SolutionConfigurationPlatforms) = preSolution
		Debug|Any CPU = Debug|Any CPU
		Release|Any CPU = Release|Any CPU
	EndGlobalSection
	GlobalSection(ProjectConfigurationPlatforms) = postSolution
		{FB9A0272-554F-40B1-9881-D097763AB833}.Debug|Any CPU.ActiveCfg = Debug|Any CPU
		{FB9A0272-554F-40B1-9881-D097763AB833}.Debug|Any CPU.Build.0 = Debug|Any CPU
		{FB9A0272-554F-40B1-9881-D097763AB833}.Release|Any CPU.ActiveCfg = Release|Any CPU
		{FB9A0272-554F-40B1-9881-D097763AB833}.Release|Any CPU.Build.0 = Release|Any CPU
	EndGlobalSection
	GlobalSection(SolutionProperties) = preSolution
		HideSolutionNode = FALSE
	EndGlobalSection
EndGlobal
